// !$*UTF8*$!
{
	archiveVersion = 1;
	classes = {
	};
	objectVersion = 56;
	objects = {

/* Begin PBXBuildFile section */
		740E47C328F82C5800E16AB2 /* BeautyApp.swift in Sources */ = {isa = PBXBuildFile; fileRef = 740E47C228F82C5800E16AB2 /* BeautyApp.swift */; };
		740E47C728F82C5900E16AB2 /* System.xcassets in Resources */ = {isa = PBXBuildFile; fileRef = 740E47C628F82C5900E16AB2 /* System.xcassets */; };
		740E47D228F82CBD00E16AB2 /* Typealias.swift in Sources */ = {isa = PBXBuildFile; fileRef = 740E47D128F82CBD00E16AB2 /* Typealias.swift */; };
		740E47D628F82D0700E16AB2 /* Colors.xcassets in Resources */ = {isa = PBXBuildFile; fileRef = 740E47D528F82D0700E16AB2 /* Colors.xcassets */; };
		740E47DA28F82DD600E16AB2 /* Color.swift in Sources */ = {isa = PBXBuildFile; fileRef = 740E47D928F82DD600E16AB2 /* Color.swift */; };
		740E47DE28F82FBF00E16AB2 /* MainRepresentation.swift in Sources */ = {isa = PBXBuildFile; fileRef = 740E47DD28F82FBF00E16AB2 /* MainRepresentation.swift */; };
		E4935DE22906D6A100C549A8 /* Image.xcassets in Resources */ = {isa = PBXBuildFile; fileRef = E4935DE12906D6A100C549A8 /* Image.xcassets */; };
		E4935DE4290DBE3D00C549A8 /* PreviewProvider.swift in Sources */ = {isa = PBXBuildFile; fileRef = E4935DE3290DBE3D00C549A8 /* PreviewProvider.swift */; };
		E4935DE7290DCE9500C549A8 /* Resources.swift in Sources */ = {isa = PBXBuildFile; fileRef = E4935DE6290DCE9500C549A8 /* Resources.swift */; };
		E4935DEA290DD11F00C549A8 /* EnumWithString.swift in Sources */ = {isa = PBXBuildFile; fileRef = E4935DE9290DD11F00C549A8 /* EnumWithString.swift */; };
		E4935DEC290DD1CC00C549A8 /* ResourcesStringValue.swift in Sources */ = {isa = PBXBuildFile; fileRef = E4935DEB290DD1CC00C549A8 /* ResourcesStringValue.swift */; };
		E4935DEE290DD25B00C549A8 /* Image.swift in Sources */ = {isa = PBXBuildFile; fileRef = E4935DED290DD25B00C549A8 /* Image.swift */; };
		E4CFC8AB2903039200533097 /* CubeComponent.swift in Sources */ = {isa = PBXBuildFile; fileRef = E4CFC8AA2903039200533097 /* CubeComponent.swift */; };
		E4CFC8AD290313A000533097 /* CircleComponent.swift in Sources */ = {isa = PBXBuildFile; fileRef = E4CFC8AC290313A000533097 /* CircleComponent.swift */; };
		E4E619F529015A6700C1D931 /* LineButtonComponent.swift in Sources */ = {isa = PBXBuildFile; fileRef = E4E619F429015A6700C1D931 /* LineButtonComponent.swift */; };
/* End PBXBuildFile section */

/* Begin PBXFileReference section */
		740E47BF28F82C5800E16AB2 /* BeautyApp.app */ = {isa = PBXFileReference; explicitFileType = wrapper.application; includeInIndex = 0; path = BeautyApp.app; sourceTree = BUILT_PRODUCTS_DIR; };
		740E47C228F82C5800E16AB2 /* BeautyApp.swift */ = {isa = PBXFileReference; lastKnownFileType = sourcecode.swift; path = BeautyApp.swift; sourceTree = "<group>"; };
		740E47C628F82C5900E16AB2 /* System.xcassets */ = {isa = PBXFileReference; lastKnownFileType = folder.assetcatalog; path = System.xcassets; sourceTree = "<group>"; };
		740E47D128F82CBD00E16AB2 /* Typealias.swift */ = {isa = PBXFileReference; lastKnownFileType = sourcecode.swift; path = Typealias.swift; sourceTree = "<group>"; };
		740E47D528F82D0700E16AB2 /* Colors.xcassets */ = {isa = PBXFileReference; lastKnownFileType = folder.assetcatalog; path = Colors.xcassets; sourceTree = "<group>"; };
		740E47D928F82DD600E16AB2 /* Color.swift */ = {isa = PBXFileReference; lastKnownFileType = sourcecode.swift; path = Color.swift; sourceTree = "<group>"; };
		740E47DD28F82FBF00E16AB2 /* MainRepresentation.swift */ = {isa = PBXFileReference; lastKnownFileType = sourcecode.swift; path = MainRepresentation.swift; sourceTree = "<group>"; };
		E4935DE12906D6A100C549A8 /* Image.xcassets */ = {isa = PBXFileReference; lastKnownFileType = folder.assetcatalog; path = Image.xcassets; sourceTree = "<group>"; };
		E4935DE3290DBE3D00C549A8 /* PreviewProvider.swift */ = {isa = PBXFileReference; lastKnownFileType = sourcecode.swift; path = PreviewProvider.swift; sourceTree = "<group>"; };
		E4935DE6290DCE9500C549A8 /* Resources.swift */ = {isa = PBXFileReference; lastKnownFileType = sourcecode.swift; path = Resources.swift; sourceTree = "<group>"; };
		E4935DE9290DD11F00C549A8 /* EnumWithString.swift */ = {isa = PBXFileReference; lastKnownFileType = sourcecode.swift; path = EnumWithString.swift; sourceTree = "<group>"; };
		E4935DEB290DD1CC00C549A8 /* ResourcesStringValue.swift */ = {isa = PBXFileReference; lastKnownFileType = sourcecode.swift; path = ResourcesStringValue.swift; sourceTree = "<group>"; };
		E4935DED290DD25B00C549A8 /* Image.swift */ = {isa = PBXFileReference; lastKnownFileType = sourcecode.swift; path = Image.swift; sourceTree = "<group>"; };
		E4CFC8AA2903039200533097 /* CubeComponent.swift */ = {isa = PBXFileReference; lastKnownFileType = sourcecode.swift; path = CubeComponent.swift; sourceTree = "<group>"; };
		E4CFC8AC290313A000533097 /* CircleComponent.swift */ = {isa = PBXFileReference; lastKnownFileType = sourcecode.swift; path = CircleComponent.swift; sourceTree = "<group>"; };
		E4E619F429015A6700C1D931 /* LineButtonComponent.swift */ = {isa = PBXFileReference; lastKnownFileType = sourcecode.swift; path = LineButtonComponent.swift; sourceTree = "<group>"; };
/* End PBXFileReference section */

/* Begin PBXFrameworksBuildPhase section */
		740E47BC28F82C5800E16AB2 /* Frameworks */ = {
			isa = PBXFrameworksBuildPhase;
			buildActionMask = 2147483647;
			files = (
			);
			runOnlyForDeploymentPostprocessing = 0;
		};
/* End PBXFrameworksBuildPhase section */

/* Begin PBXGroup section */
		740E47B628F82C5800E16AB2 = {
			isa = PBXGroup;
			children = (
				740E47C128F82C5800E16AB2 /* BeautyApp */,
				740E47C028F82C5800E16AB2 /* Products */,
			);
			sourceTree = "<group>";
		};
		740E47C028F82C5800E16AB2 /* Products */ = {
			isa = PBXGroup;
			children = (
				740E47BF28F82C5800E16AB2 /* BeautyApp.app */,
			);
			name = Products;
			sourceTree = "<group>";
		};
		740E47C128F82C5800E16AB2 /* BeautyApp */ = {
			isa = PBXGroup;
			children = (
				740E47DB28F82F9A00E16AB2 /* Views */,
				740E47D028F82C8B00E16AB2 /* Main */,
				740E47D328F82CDD00E16AB2 /* Resources */,
				740E47D728F82DC000E16AB2 /* Auxiliary */,
			);
			path = BeautyApp;
			sourceTree = "<group>";
		};
		740E47D028F82C8B00E16AB2 /* Main */ = {
			isa = PBXGroup;
			children = (
				740E47C228F82C5800E16AB2 /* BeautyApp.swift */,
				740E47D128F82CBD00E16AB2 /* Typealias.swift */,
				740E47DC28F82FAD00E16AB2 /* Representations */,
			);
			path = Main;
			sourceTree = "<group>";
		};
		740E47D328F82CDD00E16AB2 /* Resources */ = {
			isa = PBXGroup;
			children = (
				740E47D428F82CE900E16AB2 /* Main */,
			);
			path = Resources;
			sourceTree = "<group>";
		};
		740E47D428F82CE900E16AB2 /* Main */ = {
			isa = PBXGroup;
			children = (
				740E47C628F82C5900E16AB2 /* System.xcassets */,
				740E47D528F82D0700E16AB2 /* Colors.xcassets */,
				E4935DE12906D6A100C549A8 /* Image.xcassets */,
			);
			path = Main;
			sourceTree = "<group>";
		};
		740E47D728F82DC000E16AB2 /* Auxiliary */ = {
			isa = PBXGroup;
			children = (
				E4935DE8290DD0F400C549A8 /* Protocols */,
				E4935DE5290DCE5200C549A8 /* Enums */,
				740E47D828F82DCA00E16AB2 /* Extensions */,
			);
			path = Auxiliary;
			sourceTree = "<group>";
		};
		740E47D828F82DCA00E16AB2 /* Extensions */ = {
			isa = PBXGroup;
			children = (
				740E47D928F82DD600E16AB2 /* Color.swift */,
				E4935DE3290DBE3D00C549A8 /* PreviewProvider.swift */,
				E4935DED290DD25B00C549A8 /* Image.swift */,
			);
			path = Extensions;
			sourceTree = "<group>";
		};
		740E47DB28F82F9A00E16AB2 /* Views */ = {
			isa = PBXGroup;
			children = (
				E4E619F329015A5000C1D931 /* Components */,
			);
			path = Views;
			sourceTree = "<group>";
		};
		740E47DC28F82FAD00E16AB2 /* Representations */ = {
			isa = PBXGroup;
			children = (
				740E47DD28F82FBF00E16AB2 /* MainRepresentation.swift */,
			);
			path = Representations;
			sourceTree = "<group>";
		};
		E4935DE5290DCE5200C549A8 /* Enums */ = {
			isa = PBXGroup;
			children = (
				E4935DE6290DCE9500C549A8 /* Resources.swift */,
			);
			path = Enums;
			sourceTree = "<group>";
		};
		E4935DE8290DD0F400C549A8 /* Protocols */ = {
			isa = PBXGroup;
			children = (
				E4935DE9290DD11F00C549A8 /* EnumWithString.swift */,
				E4935DEB290DD1CC00C549A8 /* ResourcesStringValue.swift */,
			);
			path = Protocols;
			sourceTree = "<group>";
		};
		E4E619F329015A5000C1D931 /* Components */ = {
			isa = PBXGroup;
			children = (
				E4E619F429015A6700C1D931 /* LineButtonComponent.swift */,
				E4CFC8AA2903039200533097 /* CubeComponent.swift */,
				E4CFC8AC290313A000533097 /* CircleComponent.swift */,
			);
			path = Components;
			sourceTree = "<group>";
		};
/* End PBXGroup section */

/* Begin PBXNativeTarget section */
		740E47BE28F82C5800E16AB2 /* BeautyApp */ = {
			isa = PBXNativeTarget;
			buildConfigurationList = 740E47CD28F82C5900E16AB2 /* Build configuration list for PBXNativeTarget "BeautyApp" */;
			buildPhases = (
				740E47BB28F82C5800E16AB2 /* Sources */,
				740E47BC28F82C5800E16AB2 /* Frameworks */,
				740E47BD28F82C5800E16AB2 /* Resources */,
			);
			buildRules = (
			);
			dependencies = (
			);
			name = BeautyApp;
			productName = BeautyApp;
			productReference = 740E47BF28F82C5800E16AB2 /* BeautyApp.app */;
			productType = "com.apple.product-type.application";
		};
/* End PBXNativeTarget section */

/* Begin PBXProject section */
		740E47B728F82C5800E16AB2 /* Project object */ = {
			isa = PBXProject;
			attributes = {
				BuildIndependentTargetsInParallel = 1;
				LastSwiftUpdateCheck = 1400;
				LastUpgradeCheck = 1400;
				TargetAttributes = {
					740E47BE28F82C5800E16AB2 = {
						CreatedOnToolsVersion = 14.0;
					};
				};
			};
			buildConfigurationList = 740E47BA28F82C5800E16AB2 /* Build configuration list for PBXProject "BeautyApp" */;
			compatibilityVersion = "Xcode 14.0";
			developmentRegion = en;
			hasScannedForEncodings = 0;
			knownRegions = (
				en,
				Base,
			);
			mainGroup = 740E47B628F82C5800E16AB2;
			productRefGroup = 740E47C028F82C5800E16AB2 /* Products */;
			projectDirPath = "";
			projectRoot = "";
			targets = (
				740E47BE28F82C5800E16AB2 /* BeautyApp */,
			);
		};
/* End PBXProject section */

/* Begin PBXResourcesBuildPhase section */
		740E47BD28F82C5800E16AB2 /* Resources */ = {
			isa = PBXResourcesBuildPhase;
			buildActionMask = 2147483647;
			files = (
				740E47C728F82C5900E16AB2 /* System.xcassets in Resources */,
				E4935DE22906D6A100C549A8 /* Image.xcassets in Resources */,
				740E47D628F82D0700E16AB2 /* Colors.xcassets in Resources */,
			);
			runOnlyForDeploymentPostprocessing = 0;
		};
/* End PBXResourcesBuildPhase section */

/* Begin PBXSourcesBuildPhase section */
		740E47BB28F82C5800E16AB2 /* Sources */ = {
			isa = PBXSourcesBuildPhase;
			buildActionMask = 2147483647;
			files = (
				E4CFC8AB2903039200533097 /* CubeComponent.swift in Sources */,
				E4935DEE290DD25B00C549A8 /* Image.swift in Sources */,
				740E47D228F82CBD00E16AB2 /* Typealias.swift in Sources */,
				E4935DEC290DD1CC00C549A8 /* ResourcesStringValue.swift in Sources */,
				E4CFC8AD290313A000533097 /* CircleComponent.swift in Sources */,
				740E47C328F82C5800E16AB2 /* BeautyApp.swift in Sources */,
				E4E619F529015A6700C1D931 /* LineButtonComponent.swift in Sources */,
				E4935DE4290DBE3D00C549A8 /* PreviewProvider.swift in Sources */,
				E4935DE7290DCE9500C549A8 /* Resources.swift in Sources */,
				E4935DEA290DD11F00C549A8 /* EnumWithString.swift in Sources */,
				740E47DA28F82DD600E16AB2 /* Color.swift in Sources */,
				740E47DE28F82FBF00E16AB2 /* MainRepresentation.swift in Sources */,
			);
			runOnlyForDeploymentPostprocessing = 0;
		};
/* End PBXSourcesBuildPhase section */

/* Begin XCBuildConfiguration section */
		740E47CB28F82C5900E16AB2 /* Debug */ = {
			isa = XCBuildConfiguration;
			buildSettings = {
				ALWAYS_SEARCH_USER_PATHS = NO;
				CLANG_ANALYZER_NONNULL = YES;
				CLANG_ANALYZER_NUMBER_OBJECT_CONVERSION = YES_AGGRESSIVE;
				CLANG_CXX_LANGUAGE_STANDARD = "gnu++20";
				CLANG_ENABLE_MODULES = YES;
				CLANG_ENABLE_OBJC_ARC = YES;
				CLANG_ENABLE_OBJC_WEAK = YES;
				CLANG_WARN_BLOCK_CAPTURE_AUTORELEASING = YES;
				CLANG_WARN_BOOL_CONVERSION = YES;
				CLANG_WARN_COMMA = YES;
				CLANG_WARN_CONSTANT_CONVERSION = YES;
				CLANG_WARN_DEPRECATED_OBJC_IMPLEMENTATIONS = YES;
				CLANG_WARN_DIRECT_OBJC_ISA_USAGE = YES_ERROR;
				CLANG_WARN_DOCUMENTATION_COMMENTS = YES;
				CLANG_WARN_EMPTY_BODY = YES;
				CLANG_WARN_ENUM_CONVERSION = YES;
				CLANG_WARN_INFINITE_RECURSION = YES;
				CLANG_WARN_INT_CONVERSION = YES;
				CLANG_WARN_NON_LITERAL_NULL_CONVERSION = YES;
				CLANG_WARN_OBJC_IMPLICIT_RETAIN_SELF = YES;
				CLANG_WARN_OBJC_LITERAL_CONVERSION = YES;
				CLANG_WARN_OBJC_ROOT_CLASS = YES_ERROR;
				CLANG_WARN_QUOTED_INCLUDE_IN_FRAMEWORK_HEADER = YES;
				CLANG_WARN_RANGE_LOOP_ANALYSIS = YES;
				CLANG_WARN_STRICT_PROTOTYPES = YES;
				CLANG_WARN_SUSPICIOUS_MOVE = YES;
				CLANG_WARN_UNGUARDED_AVAILABILITY = YES_AGGRESSIVE;
				CLANG_WARN_UNREACHABLE_CODE = YES;
				CLANG_WARN__DUPLICATE_METHOD_MATCH = YES;
				COPY_PHASE_STRIP = NO;
				DEBUG_INFORMATION_FORMAT = dwarf;
				ENABLE_STRICT_OBJC_MSGSEND = YES;
				ENABLE_TESTABILITY = YES;
				GCC_C_LANGUAGE_STANDARD = gnu11;
				GCC_DYNAMIC_NO_PIC = NO;
				GCC_NO_COMMON_BLOCKS = YES;
				GCC_OPTIMIZATION_LEVEL = 0;
				GCC_PREPROCESSOR_DEFINITIONS = (
					"DEBUG=1",
					"$(inherited)",
				);
				GCC_WARN_64_TO_32_BIT_CONVERSION = YES;
				GCC_WARN_ABOUT_RETURN_TYPE = YES_ERROR;
				GCC_WARN_UNDECLARED_SELECTOR = YES;
				GCC_WARN_UNINITIALIZED_AUTOS = YES_AGGRESSIVE;
				GCC_WARN_UNUSED_FUNCTION = YES;
				GCC_WARN_UNUSED_VARIABLE = YES;
				IPHONEOS_DEPLOYMENT_TARGET = 16.0;
				MTL_ENABLE_DEBUG_INFO = INCLUDE_SOURCE;
				MTL_FAST_MATH = YES;
				ONLY_ACTIVE_ARCH = YES;
				SDKROOT = iphoneos;
				SWIFT_ACTIVE_COMPILATION_CONDITIONS = DEBUG;
				SWIFT_OPTIMIZATION_LEVEL = "-Onone";
			};
			name = Debug;
		};
		740E47CC28F82C5900E16AB2 /* Release */ = {
			isa = XCBuildConfiguration;
			buildSettings = {
				ALWAYS_SEARCH_USER_PATHS = NO;
				CLANG_ANALYZER_NONNULL = YES;
				CLANG_ANALYZER_NUMBER_OBJECT_CONVERSION = YES_AGGRESSIVE;
				CLANG_CXX_LANGUAGE_STANDARD = "gnu++20";
				CLANG_ENABLE_MODULES = YES;
				CLANG_ENABLE_OBJC_ARC = YES;
				CLANG_ENABLE_OBJC_WEAK = YES;
				CLANG_WARN_BLOCK_CAPTURE_AUTORELEASING = YES;
				CLANG_WARN_BOOL_CONVERSION = YES;
				CLANG_WARN_COMMA = YES;
				CLANG_WARN_CONSTANT_CONVERSION = YES;
				CLANG_WARN_DEPRECATED_OBJC_IMPLEMENTATIONS = YES;
				CLANG_WARN_DIRECT_OBJC_ISA_USAGE = YES_ERROR;
				CLANG_WARN_DOCUMENTATION_COMMENTS = YES;
				CLANG_WARN_EMPTY_BODY = YES;
				CLANG_WARN_ENUM_CONVERSION = YES;
				CLANG_WARN_INFINITE_RECURSION = YES;
				CLANG_WARN_INT_CONVERSION = YES;
				CLANG_WARN_NON_LITERAL_NULL_CONVERSION = YES;
				CLANG_WARN_OBJC_IMPLICIT_RETAIN_SELF = YES;
				CLANG_WARN_OBJC_LITERAL_CONVERSION = YES;
				CLANG_WARN_OBJC_ROOT_CLASS = YES_ERROR;
				CLANG_WARN_QUOTED_INCLUDE_IN_FRAMEWORK_HEADER = YES;
				CLANG_WARN_RANGE_LOOP_ANALYSIS = YES;
				CLANG_WARN_STRICT_PROTOTYPES = YES;
				CLANG_WARN_SUSPICIOUS_MOVE = YES;
				CLANG_WARN_UNGUARDED_AVAILABILITY = YES_AGGRESSIVE;
				CLANG_WARN_UNREACHABLE_CODE = YES;
				CLANG_WARN__DUPLICATE_METHOD_MATCH = YES;
				COPY_PHASE_STRIP = NO;
				DEBUG_INFORMATION_FORMAT = "dwarf-with-dsym";
				ENABLE_NS_ASSERTIONS = NO;
				ENABLE_STRICT_OBJC_MSGSEND = YES;
				GCC_C_LANGUAGE_STANDARD = gnu11;
				GCC_NO_COMMON_BLOCKS = YES;
				GCC_WARN_64_TO_32_BIT_CONVERSION = YES;
				GCC_WARN_ABOUT_RETURN_TYPE = YES_ERROR;
				GCC_WARN_UNDECLARED_SELECTOR = YES;
				GCC_WARN_UNINITIALIZED_AUTOS = YES_AGGRESSIVE;
				GCC_WARN_UNUSED_FUNCTION = YES;
				GCC_WARN_UNUSED_VARIABLE = YES;
				IPHONEOS_DEPLOYMENT_TARGET = 16.0;
				MTL_ENABLE_DEBUG_INFO = NO;
				MTL_FAST_MATH = YES;
				SDKROOT = iphoneos;
				SWIFT_COMPILATION_MODE = wholemodule;
				SWIFT_OPTIMIZATION_LEVEL = "-O";
				VALIDATE_PRODUCT = YES;
			};
			name = Release;
		};
		740E47CE28F82C5900E16AB2 /* Debug */ = {
			isa = XCBuildConfiguration;
			buildSettings = {
				ASSETCATALOG_COMPILER_APPICON_NAME = AppIcon;
				ASSETCATALOG_COMPILER_GLOBAL_ACCENT_COLOR_NAME = AccentColor;
				CODE_SIGN_STYLE = Automatic;
				CURRENT_PROJECT_VERSION = 1;
				DEVELOPMENT_ASSET_PATHS = "";
				DEVELOPMENT_TEAM = 76KY98753Y;
				ENABLE_PREVIEWS = YES;
				GENERATE_INFOPLIST_FILE = YES;
				INFOPLIST_KEY_UIApplicationSceneManifest_Generation = YES;
				INFOPLIST_KEY_UIApplicationSupportsIndirectInputEvents = YES;
				INFOPLIST_KEY_UILaunchScreen_Generation = YES;
				INFOPLIST_KEY_UISupportedInterfaceOrientations_iPad = "UIInterfaceOrientationPortrait UIInterfaceOrientationPortraitUpsideDown UIInterfaceOrientationLandscapeLeft UIInterfaceOrientationLandscapeRight";
				INFOPLIST_KEY_UISupportedInterfaceOrientations_iPhone = "UIInterfaceOrientationPortrait UIInterfaceOrientationLandscapeLeft UIInterfaceOrientationLandscapeRight";
				LD_RUNPATH_SEARCH_PATHS = (
					"$(inherited)",
					"@executable_path/Frameworks",
				);
				MARKETING_VERSION = 1.0;
				PRODUCT_BUNDLE_IDENTIFIER = com.llpddone.BeautyApp;
				PRODUCT_NAME = "$(TARGET_NAME)";
				SWIFT_EMIT_LOC_STRINGS = YES;
				SWIFT_VERSION = 5.0;
				TARGETED_DEVICE_FAMILY = "1,2";
			};
			name = Debug;
		};
		740E47CF28F82C5900E16AB2 /* Release */ = {
			isa = XCBuildConfiguration;
			buildSettings = {
				ASSETCATALOG_COMPILER_APPICON_NAME = AppIcon;
				ASSETCATALOG_COMPILER_GLOBAL_ACCENT_COLOR_NAME = AccentColor;
				CODE_SIGN_STYLE = Automatic;
				CURRENT_PROJECT_VERSION = 1;
				DEVELOPMENT_ASSET_PATHS = "";
				DEVELOPMENT_TEAM = 76KY98753Y;
				ENABLE_PREVIEWS = YES;
				GENERATE_INFOPLIST_FILE = YES;
				INFOPLIST_KEY_UIApplicationSceneManifest_Generation = YES;
				INFOPLIST_KEY_UIApplicationSupportsIndirectInputEvents = YES;
				INFOPLIST_KEY_UILaunchScreen_Generation = YES;
				INFOPLIST_KEY_UISupportedInterfaceOrientations_iPad = "UIInterfaceOrientationPortrait UIInterfaceOrientationPortraitUpsideDown UIInterfaceOrientationLandscapeLeft UIInterfaceOrientationLandscapeRight";
				INFOPLIST_KEY_UISupportedInterfaceOrientations_iPhone = "UIInterfaceOrientationPortrait UIInterfaceOrientationLandscapeLeft UIInterfaceOrientationLandscapeRight";
				LD_RUNPATH_SEARCH_PATHS = (
					"$(inherited)",
					"@executable_path/Frameworks",
				);
				MARKETING_VERSION = 1.0;
				PRODUCT_BUNDLE_IDENTIFIER = com.llpddone.BeautyApp;
				PRODUCT_NAME = "$(TARGET_NAME)";
				SWIFT_EMIT_LOC_STRINGS = YES;
				SWIFT_VERSION = 5.0;
				TARGETED_DEVICE_FAMILY = "1,2";
			};
			name = Release;
		};
/* End XCBuildConfiguration section */

/* Begin XCConfigurationList section */
		740E47BA28F82C5800E16AB2 /* Build configuration list for PBXProject "BeautyApp" */ = {
			isa = XCConfigurationList;
			buildConfigurations = (
				740E47CB28F82C5900E16AB2 /* Debug */,
				740E47CC28F82C5900E16AB2 /* Release */,
			);
			defaultConfigurationIsVisible = 0;
			defaultConfigurationName = Release;
		};
		740E47CD28F82C5900E16AB2 /* Build configuration list for PBXNativeTarget "BeautyApp" */ = {
			isa = XCConfigurationList;
			buildConfigurations = (
				740E47CE28F82C5900E16AB2 /* Debug */,
				740E47CF28F82C5900E16AB2 /* Release */,
			);
			defaultConfigurationIsVisible = 0;
			defaultConfigurationName = Release;
		};
/* End XCConfigurationList section */
	};
	rootObject = 740E47B728F82C5800E16AB2 /* Project object */;
}
